
Microsoft Visual Studio Solution File, Format Version 12.00
# Visual Studio 15
VisualStudioVersion = 15.0.28307.1062
MinimumVisualStudioVersion = 10.0.40219.1
Project("{FAE04EC0-301F-11D3-BF4B-00C04F79EFBC}") = "BancoDePreguntas", "BancoDePreguntas\BancoDePreguntas.csproj", "{EA1F2CF4-2464-4BFA-9F58-DA9F44A1CE6E}"
EndProject
Project("{FAE04EC0-301F-11D3-BF4B-00C04F79EFBC}") = "BancoDePreguntas.Tests", "BancoDePreguntas.Tests\BancoDePreguntas.Tests.csproj", "{399F911A-E2F8-4F3C-BBE7-07E2FAF4BAA9}"
EndProject
Global
	GlobalSection(SolutionConfigurationPlatforms) = preSolution
		Debug|Any CPU = Debug|Any CPU
		Release|Any CPU = Release|Any CPU
	EndGlobalSection
	GlobalSection(ProjectConfigurationPlatforms) = postSolution
		{EA1F2CF4-2464-4BFA-9F58-DA9F44A1CE6E}.Debug|Any CPU.ActiveCfg = Debug|Any CPU
		{EA1F2CF4-2464-4BFA-9F58-DA9F44A1CE6E}.Debug|Any CPU.Build.0 = Debug|Any CPU
		{EA1F2CF4-2464-4BFA-9F58-DA9F44A1CE6E}.Release|Any CPU.ActiveCfg = Release|Any CPU
		{EA1F2CF4-2464-4BFA-9F58-DA9F44A1CE6E}.Release|Any CPU.Build.0 = Release|Any CPU
		{399F911A-E2F8-4F3C-BBE7-07E2FAF4BAA9}.Debug|Any CPU.ActiveCfg = Debug|Any CPU
		{399F911A-E2F8-4F3C-BBE7-07E2FAF4BAA9}.Debug|Any CPU.Build.0 = Debug|Any CPU
		{399F911A-E2F8-4F3C-BBE7-07E2FAF4BAA9}.Release|Any CPU.ActiveCfg = Release|Any CPU
		{399F911A-E2F8-4F3C-BBE7-07E2FAF4BAA9}.Release|Any CPU.Build.0 = Release|Any CPU
	EndGlobalSection
	GlobalSection(SolutionProperties) = preSolution
		HideSolutionNode = FALSE
	EndGlobalSection
	GlobalSection(ExtensibilityGlobals) = postSolution
		SolutionGuid = {E7219535-61E3-4DF7-9FBC-327DEBE2C90F}
	EndGlobalSection
EndGlobal
